
Microsoft Visual Studio Solution File, Format Version 12.00
# Visual Studio Version 16
VisualStudioVersion = 16.0.808.5
MinimumVisualStudioVersion = 10.0.40219.1
Project("{FAE04EC0-301F-11D3-BF4B-00C04F79EFBC}") = "Assignment10", "Assignment10\Assignment10.csproj", "{68883D93-B618-46DA-9861-886DD1F4C6AF}"
EndProject
Global
	GlobalSection(SolutionConfigurationPlatforms) = preSolution
		Debug|Any CPU = Debug|Any CPU
		Release|Any CPU = Release|Any CPU
	EndGlobalSection
	GlobalSection(ProjectConfigurationPlatforms) = postSolution
		{68883D93-B618-46DA-9861-886DD1F4C6AF}.Debug|Any CPU.ActiveCfg = Debug|Any CPU
		{68883D93-B618-46DA-9861-886DD1F4C6AF}.Debug|Any CPU.Build.0 = Debug|Any CPU
		{68883D93-B618-46DA-9861-886DD1F4C6AF}.Release|Any CPU.ActiveCfg = Release|Any CPU
		{68883D93-B618-46DA-9861-886DD1F4C6AF}.Release|Any CPU.Build.0 = Release|Any CPU
	EndGlobalSection
	GlobalSection(SolutionProperties) = preSolution
		HideSolutionNode = FALSE
	EndGlobalSection
	GlobalSection(ExtensibilityGlobals) = postSolution
		SolutionGuid = {2D8D6500-0237-4EAD-BF4B-BB82570D25D6}
	EndGlobalSection
EndGlobal
